
Microsoft Visual Studio Solution File, Format Version 12.00
# Visual Studio Version 16
VisualStudioVersion = 16.0.31129.286
MinimumVisualStudioVersion = 10.0.40219.1
Project("{FAE04EC0-301F-11D3-BF4B-00C04F79EFBC}") = "WizLib", "WizLib\WizLib.csproj", "{0F5C20B3-365E-429F-A56C-BA06055BCC9F}"
EndProject
Project("{FAE04EC0-301F-11D3-BF4B-00C04F79EFBC}") = "WizLib_DataAccess", "WizLib_DataAccess\WizLib_DataAccess.csproj", "{2F258BD5-2570-4F25-981F-91358E30FA99}"
EndProject
Project("{FAE04EC0-301F-11D3-BF4B-00C04F79EFBC}") = "WizLib_Model", "WizLib_Model\WizLib_Model.csproj", "{3A9768BB-AB72-4710-9179-4D7B6A7AAF38}"
EndProject
Global
	GlobalSection(SolutionConfigurationPlatforms) = preSolution
		Debug|Any CPU = Debug|Any CPU
		Release|Any CPU = Release|Any CPU
	EndGlobalSection
	GlobalSection(ProjectConfigurationPlatforms) = postSolution
		{0F5C20B3-365E-429F-A56C-BA06055BCC9F}.Debug|Any CPU.ActiveCfg = Debug|Any CPU
		{0F5C20B3-365E-429F-A56C-BA06055BCC9F}.Debug|Any CPU.Build.0 = Debug|Any CPU
		{0F5C20B3-365E-429F-A56C-BA06055BCC9F}.Release|Any CPU.ActiveCfg = Release|Any CPU
		{0F5C20B3-365E-429F-A56C-BA06055BCC9F}.Release|Any CPU.Build.0 = Release|Any CPU
		{2F258BD5-2570-4F25-981F-91358E30FA99}.Debug|Any CPU.ActiveCfg = Debug|Any CPU
		{2F258BD5-2570-4F25-981F-91358E30FA99}.Debug|Any CPU.Build.0 = Debug|Any CPU
		{2F258BD5-2570-4F25-981F-91358E30FA99}.Release|Any CPU.ActiveCfg = Release|Any CPU
		{2F258BD5-2570-4F25-981F-91358E30FA99}.Release|Any CPU.Build.0 = Release|Any CPU
		{3A9768BB-AB72-4710-9179-4D7B6A7AAF38}.Debug|Any CPU.ActiveCfg = Debug|Any CPU
		{3A9768BB-AB72-4710-9179-4D7B6A7AAF38}.Debug|Any CPU.Build.0 = Debug|Any CPU
		{3A9768BB-AB72-4710-9179-4D7B6A7AAF38}.Release|Any CPU.ActiveCfg = Release|Any CPU
		{3A9768BB-AB72-4710-9179-4D7B6A7AAF38}.Release|Any CPU.Build.0 = Release|Any CPU
	EndGlobalSection
	GlobalSection(SolutionProperties) = preSolution
		HideSolutionNode = FALSE
	EndGlobalSection
	GlobalSection(ExtensibilityGlobals) = postSolution
		SolutionGuid = {EB8D1402-6DDE-4344-93CC-583BA7BB89E4}
	EndGlobalSection
EndGlobal
